
Microsoft Visual Studio Solution File, Format Version 12.00
# Visual Studio Version 16
VisualStudioVersion = 16.0.33027.164
MinimumVisualStudioVersion = 10.0.40219.1
Project("{FAE04EC0-301F-11D3-BF4B-00C04F79EFBC}") = "PruebaTecnica", "PruebaTecnica\PruebaTecnica.csproj", "{4577EE93-AEBB-4303-A9B1-EEAF0D6F61F4}"
EndProject
Global
	GlobalSection(SolutionConfigurationPlatforms) = preSolution
		Debug|Any CPU = Debug|Any CPU
		Release|Any CPU = Release|Any CPU
	EndGlobalSection
	GlobalSection(ProjectConfigurationPlatforms) = postSolution
		{4577EE93-AEBB-4303-A9B1-EEAF0D6F61F4}.Debug|Any CPU.ActiveCfg = Debug|Any CPU
		{4577EE93-AEBB-4303-A9B1-EEAF0D6F61F4}.Debug|Any CPU.Build.0 = Debug|Any CPU
		{4577EE93-AEBB-4303-A9B1-EEAF0D6F61F4}.Release|Any CPU.ActiveCfg = Release|Any CPU
		{4577EE93-AEBB-4303-A9B1-EEAF0D6F61F4}.Release|Any CPU.Build.0 = Release|Any CPU
	EndGlobalSection
	GlobalSection(SolutionProperties) = preSolution
		HideSolutionNode = FALSE
	EndGlobalSection
	GlobalSection(ExtensibilityGlobals) = postSolution
		SolutionGuid = {C67F00EB-28F3-4870-B206-1996E1D9EF94}
	EndGlobalSection
EndGlobal
